// !$*UTF8*$!
{
	archiveVersion = 1;
	classes = {
	};
	objectVersion = 46;
	objects = {

/* Begin PBXBuildFile section */
		4504E1AB1BFF34F80018A0C7 /* Handstand.xcassets in Resources */ = {isa = PBXBuildFile; fileRef = 4504E1AA1BFF34F80018A0C7 /* Handstand.xcassets */; };
		4504E1AD1BFF35120018A0C7 /* LegRaise.xcassets in Resources */ = {isa = PBXBuildFile; fileRef = 4504E1AC1BFF35120018A0C7 /* LegRaise.xcassets */; };
		4504E1AF1BFF35280018A0C7 /* Pullup.xcassets in Resources */ = {isa = PBXBuildFile; fileRef = 4504E1AE1BFF35280018A0C7 /* Pullup.xcassets */; };
		4504E1B11BFF35410018A0C7 /* Pushup.xcassets in Resources */ = {isa = PBXBuildFile; fileRef = 4504E1B01BFF35410018A0C7 /* Pushup.xcassets */; };
		4504E1B31BFF35530018A0C7 /* Squat.xcassets in Resources */ = {isa = PBXBuildFile; fileRef = 4504E1B21BFF35530018A0C7 /* Squat.xcassets */; };
		4504E1B51BFF37040018A0C7 /* Bridge.swift in Sources */ = {isa = PBXBuildFile; fileRef = 4504E1B41BFF37040018A0C7 /* Bridge.swift */; };
		453404F71C06F67F001D77AC /* AppRouter.swift in Sources */ = {isa = PBXBuildFile; fileRef = 453404F61C06F67F001D77AC /* AppRouter.swift */; };
		453404FA1C070730001D77AC /* HomeWireFrame.swift in Sources */ = {isa = PBXBuildFile; fileRef = 453404F91C070730001D77AC /* HomeWireFrame.swift */; };
		4537F2D41C1866AA0011819D /* MenuContainerViewController.swift in Sources */ = {isa = PBXBuildFile; fileRef = 4537F2D31C1866AA0011819D /* MenuContainerViewController.swift */; };
		453AE5F21C0323490092E0BF /* AppDependencies.swift in Sources */ = {isa = PBXBuildFile; fileRef = 453AE5F11C0323490092E0BF /* AppDependencies.swift */; };
		4542A5411C1B1A5000776E59 /* ExerciseWireFrame.swift in Sources */ = {isa = PBXBuildFile; fileRef = 4542A5401C1B1A5000776E59 /* ExerciseWireFrame.swift */; };
		4542A5431C1B1A7700776E59 /* ExerciseView.swift in Sources */ = {isa = PBXBuildFile; fileRef = 4542A5421C1B1A7700776E59 /* ExerciseView.swift */; };
		4542A5451C1B1A8800776E59 /* ExerciseProtocol.swift in Sources */ = {isa = PBXBuildFile; fileRef = 4542A5441C1B1A8800776E59 /* ExerciseProtocol.swift */; };
		4542A5471C1B1A9100776E59 /* ExercisePresenter.swift in Sources */ = {isa = PBXBuildFile; fileRef = 4542A5461C1B1A9100776E59 /* ExercisePresenter.swift */; };
		4542A5491C1B1A9C00776E59 /* ExerciseInteractor.swift in Sources */ = {isa = PBXBuildFile; fileRef = 4542A5481C1B1A9C00776E59 /* ExerciseInteractor.swift */; };
		4542A54C1C1B1ABF00776E59 /* ExerciseLocalDataManager.swift in Sources */ = {isa = PBXBuildFile; fileRef = 4542A54B1C1B1ABF00776E59 /* ExerciseLocalDataManager.swift */; };
		454E7C081BF9F849005F0EBC /* MenuViewController.swift in Sources */ = {isa = PBXBuildFile; fileRef = 454E7C071BF9F849005F0EBC /* MenuViewController.swift */; };
		4555337E1BFF34720036E3EB /* Bridge.xcassets in Resources */ = {isa = PBXBuildFile; fileRef = 4555337D1BFF34720036E3EB /* Bridge.xcassets */; };
		4567AA331C084F330099D2A8 /* ScheduleLocalDataManager.swift in Sources */ = {isa = PBXBuildFile; fileRef = 4567AA321C084F330099D2A8 /* ScheduleLocalDataManager.swift */; };
		4567AA361C084F5A0099D2A8 /* ScheduleInteractor.swift in Sources */ = {isa = PBXBuildFile; fileRef = 4567AA341C084F5A0099D2A8 /* ScheduleInteractor.swift */; };
		4567AA371C084F5A0099D2A8 /* ScheduleItem.swift in Sources */ = {isa = PBXBuildFile; fileRef = 4567AA351C084F5A0099D2A8 /* ScheduleItem.swift */; };
		4567AA391C084F610099D2A8 /* SchedulePresenter.swift in Sources */ = {isa = PBXBuildFile; fileRef = 4567AA381C084F610099D2A8 /* SchedulePresenter.swift */; };
		4567AA3B1C084F680099D2A8 /* ScheduleProtocols.swift in Sources */ = {isa = PBXBuildFile; fileRef = 4567AA3A1C084F680099D2A8 /* ScheduleProtocols.swift */; };
		4567AA3D1C084F6E0099D2A8 /* ScheduleView.swift in Sources */ = {isa = PBXBuildFile; fileRef = 4567AA3C1C084F6E0099D2A8 /* ScheduleView.swift */; };
		4567AA3F1C084F730099D2A8 /* ScheduleWireFrame.swift in Sources */ = {isa = PBXBuildFile; fileRef = 4567AA3E1C084F730099D2A8 /* ScheduleWireFrame.swift */; };
		4567AA411C0876620099D2A8 /* WorkoutDataManager.swift in Sources */ = {isa = PBXBuildFile; fileRef = 4567AA401C0876620099D2A8 /* WorkoutDataManager.swift */; };
		45730D1F1C04A6F6002298E8 /* TrainingDataManager.swift in Sources */ = {isa = PBXBuildFile; fileRef = 45730D1E1C04A6F6002298E8 /* TrainingDataManager.swift */; };
		45730D211C04AC56002298E8 /* LocalStoreProtocols.swift in Sources */ = {isa = PBXBuildFile; fileRef = 45730D201C04AC56002298E8 /* LocalStoreProtocols.swift */; };
		45730D231C04B7E3002298E8 /* DataManager.swift in Sources */ = {isa = PBXBuildFile; fileRef = 45730D221C04B7E3002298E8 /* DataManager.swift */; };
		459B89AC1BFF6CB4000C2E8E /* MenuModuleWireFrame.swift in Sources */ = {isa = PBXBuildFile; fileRef = 459B89AB1BFF6CB4000C2E8E /* MenuModuleWireFrame.swift */; };
		459B89B41BFF6D12000C2E8E /* MenuModuleView.swift in Sources */ = {isa = PBXBuildFile; fileRef = 459B89B31BFF6D12000C2E8E /* MenuModuleView.swift */; };
		459B89B71BFF6D45000C2E8E /* MenuModuleLocalDataManager.swift in Sources */ = {isa = PBXBuildFile; fileRef = 459B89B61BFF6D45000C2E8E /* MenuModuleLocalDataManager.swift */; };
		459B89BA1BFF6D55000C2E8E /* MenuModuleInteractor.swift in Sources */ = {isa = PBXBuildFile; fileRef = 459B89B81BFF6D55000C2E8E /* MenuModuleInteractor.swift */; };
		459B89BB1BFF6D55000C2E8E /* MenuModuleItem.swift in Sources */ = {isa = PBXBuildFile; fileRef = 459B89B91BFF6D55000C2E8E /* MenuModuleItem.swift */; };
		459B89BD1BFF6D64000C2E8E /* MenuModulePresenter.swift in Sources */ = {isa = PBXBuildFile; fileRef = 459B89BC1BFF6D64000C2E8E /* MenuModulePresenter.swift */; };
		459B89BF1BFF6D6C000C2E8E /* MenuModuleProtocols.swift in Sources */ = {isa = PBXBuildFile; fileRef = 459B89BE1BFF6D6C000C2E8E /* MenuModuleProtocols.swift */; };
		45A1E2AD1C05B1A700EA4D03 /* HomeView.swift in Sources */ = {isa = PBXBuildFile; fileRef = 45A1E2AC1C05B1A700EA4D03 /* HomeView.swift */; };
		45A1E2B01C05B26000EA4D03 /* HomeProtocols.swift in Sources */ = {isa = PBXBuildFile; fileRef = 45A1E2AF1C05B26000EA4D03 /* HomeProtocols.swift */; };
		45A1E2B31C05B57E00EA4D03 /* HomePresenter.swift in Sources */ = {isa = PBXBuildFile; fileRef = 45A1E2B21C05B57E00EA4D03 /* HomePresenter.swift */; };
		45A1E2B71C05B65700EA4D03 /* HomeInteractor.swift in Sources */ = {isa = PBXBuildFile; fileRef = 45A1E2B51C05B65700EA4D03 /* HomeInteractor.swift */; };
		45A1E2B81C05B65700EA4D03 /* HomeItem.swift in Sources */ = {isa = PBXBuildFile; fileRef = 45A1E2B61C05B65700EA4D03 /* HomeItem.swift */; };
		45A1E2BA1C05C86E00EA4D03 /* DateManager.swift in Sources */ = {isa = PBXBuildFile; fileRef = 45A1E2B91C05C86E00EA4D03 /* DateManager.swift */; };
		45A1E2BE1C05E9FE00EA4D03 /* HomeLocalDataManager.swift in Sources */ = {isa = PBXBuildFile; fileRef = 45A1E2BD1C05E9FE00EA4D03 /* HomeLocalDataManager.swift */; };
		45A1E2C01C05FF9E00EA4D03 /* Workout.swift in Sources */ = {isa = PBXBuildFile; fileRef = 45A1E2BF1C05FF9E00EA4D03 /* Workout.swift */; };
		844E0A901BBBB9C100D5A582 /* Rest.swift in Sources */ = {isa = PBXBuildFile; fileRef = 844E0A8F1BBBB9C100D5A582 /* Rest.swift */; };
		844E0A931BBBC26F00D5A582 /* SlideMenuController.swift in Sources */ = {isa = PBXBuildFile; fileRef = 844E0A921BBBC26F00D5A582 /* SlideMenuController.swift */; };
		844E0A971BBBCBB700D5A582 /* ScheduleViewController.swift in Sources */ = {isa = PBXBuildFile; fileRef = 844E0A961BBBCBB700D5A582 /* ScheduleViewController.swift */; };
		844E0A991BBBCBC800D5A582 /* ExerciseViewController.swift in Sources */ = {isa = PBXBuildFile; fileRef = 844E0A981BBBCBC800D5A582 /* ExerciseViewController.swift */; };
		844E0A9B1BBBCBF800D5A582 /* ProgressionViewController.swift in Sources */ = {isa = PBXBuildFile; fileRef = 844E0A9A1BBBCBF800D5A582 /* ProgressionViewController.swift */; };
		844E0A9D1BBBCC1300D5A582 /* SettingsViewController.swift in Sources */ = {isa = PBXBuildFile; fileRef = 844E0A9C1BBBCC1300D5A582 /* SettingsViewController.swift */; };
		844E0A9F1BBC2D0A00D5A582 /* ScheduleCell.swift in Sources */ = {isa = PBXBuildFile; fileRef = 844E0A9E1BBC2D0A00D5A582 /* ScheduleCell.swift */; };
		8453CB401BBD775900221659 /* UserWorkout.swift in Sources */ = {isa = PBXBuildFile; fileRef = 8453CB3F1BBD775900221659 /* UserWorkout.swift */; };
		84547A891BBA84EF00476EE8 /* HomeDisplayCell.swift in Sources */ = {isa = PBXBuildFile; fileRef = 84547A881BBA84EF00476EE8 /* HomeDisplayCell.swift */; };
		84547A8C1BBA872900476EE8 /* HomeViewController.swift in Sources */ = {isa = PBXBuildFile; fileRef = 84547A8B1BBA872900476EE8 /* HomeViewController.swift */; };
		84547A901BBA91C600476EE8 /* Movement.swift in Sources */ = {isa = PBXBuildFile; fileRef = 84547A8F1BBA91C600476EE8 /* Movement.swift */; };
		84547A921BBA932B00476EE8 /* Exercise.swift in Sources */ = {isa = PBXBuildFile; fileRef = 84547A911BBA932B00476EE8 /* Exercise.swift */; };
		84547A951BBA9A5700476EE8 /* Constants.swift in Sources */ = {isa = PBXBuildFile; fileRef = 84547A941BBA9A5700476EE8 /* Constants.swift */; };
		84547A981BBA9D8500476EE8 /* Pushup.swift in Sources */ = {isa = PBXBuildFile; fileRef = 84547A971BBA9D8500476EE8 /* Pushup.swift */; };
		84547A9A1BBABCDB00476EE8 /* Squat.swift in Sources */ = {isa = PBXBuildFile; fileRef = 84547A991BBABCDB00476EE8 /* Squat.swift */; };
		84547A9C1BBABCEC00476EE8 /* Pullup.swift in Sources */ = {isa = PBXBuildFile; fileRef = 84547A9B1BBABCEC00476EE8 /* Pullup.swift */; };
		84547A9E1BBABCFC00476EE8 /* LegRaise.swift in Sources */ = {isa = PBXBuildFile; fileRef = 84547A9D1BBABCFC00476EE8 /* LegRaise.swift */; };
		84547AA21BBABD1D00476EE8 /* Handstand.swift in Sources */ = {isa = PBXBuildFile; fileRef = 84547AA11BBABD1D00476EE8 /* Handstand.swift */; };
		84547AA51BBAD8F000476EE8 /* Training.swift in Sources */ = {isa = PBXBuildFile; fileRef = 84547AA41BBAD8F000476EE8 /* Training.swift */; };
		84BF1D051BBE740300F1F2D6 /* ExerciseCell.swift in Sources */ = {isa = PBXBuildFile; fileRef = 84BF1D041BBE740300F1F2D6 /* ExerciseCell.swift */; };
		84BF1D081BBEC19700F1F2D6 /* TrainingViewCell.swift in Sources */ = {isa = PBXBuildFile; fileRef = 84BF1D071BBEC19700F1F2D6 /* TrainingViewCell.swift */; };
		84BF1D0A1BBEC1AD00F1F2D6 /* TrainingViewCell.xib in Resources */ = {isa = PBXBuildFile; fileRef = 84BF1D091BBEC1AD00F1F2D6 /* TrainingViewCell.xib */; };
		84EE4C271BB97FE50098BC01 /* AppDelegate.swift in Sources */ = {isa = PBXBuildFile; fileRef = 84EE4C261BB97FE50098BC01 /* AppDelegate.swift */; };
		84EE4C291BB97FE50098BC01 /* ViewController.swift in Sources */ = {isa = PBXBuildFile; fileRef = 84EE4C281BB97FE50098BC01 /* ViewController.swift */; };
		84EE4C2C1BB97FE50098BC01 /* Main.storyboard in Resources */ = {isa = PBXBuildFile; fileRef = 84EE4C2A1BB97FE50098BC01 /* Main.storyboard */; };
		84EE4C2F1BB97FE50098BC01 /* CCTracker.xcdatamodeld in Sources */ = {isa = PBXBuildFile; fileRef = 84EE4C2D1BB97FE50098BC01 /* CCTracker.xcdatamodeld */; };
		84EE4C311BB97FE50098BC01 /* Assets.xcassets in Resources */ = {isa = PBXBuildFile; fileRef = 84EE4C301BB97FE50098BC01 /* Assets.xcassets */; };
		84EE4C341BB97FE50098BC01 /* LaunchScreen.storyboard in Resources */ = {isa = PBXBuildFile; fileRef = 84EE4C321BB97FE50098BC01 /* LaunchScreen.storyboard */; };
		84EE4C3F1BB97FE50098BC01 /* CCTrackerTests.swift in Sources */ = {isa = PBXBuildFile; fileRef = 84EE4C3E1BB97FE50098BC01 /* CCTrackerTests.swift */; };
		84EE4C4A1BB97FE50098BC01 /* CCTrackerUITests.swift in Sources */ = {isa = PBXBuildFile; fileRef = 84EE4C491BB97FE50098BC01 /* CCTrackerUITests.swift */; };
		84EE4C5E1BB986E20098BC01 /* Icons.xcassets in Resources */ = {isa = PBXBuildFile; fileRef = 84EE4C5D1BB986E20098BC01 /* Icons.xcassets */; };
/* End PBXBuildFile section */

/* Begin PBXContainerItemProxy section */
		84EE4C3B1BB97FE50098BC01 /* PBXContainerItemProxy */ = {
			isa = PBXContainerItemProxy;
			containerPortal = 84EE4C1B1BB97FE50098BC01 /* Project object */;
			proxyType = 1;
			remoteGlobalIDString = 84EE4C221BB97FE50098BC01;
			remoteInfo = CCTracker;
		};
		84EE4C461BB97FE50098BC01 /* PBXContainerItemProxy */ = {
			isa = PBXContainerItemProxy;
			containerPortal = 84EE4C1B1BB97FE50098BC01 /* Project object */;
			proxyType = 1;
			remoteGlobalIDString = 84EE4C221BB97FE50098BC01;
			remoteInfo = CCTracker;
		};
/* End PBXContainerItemProxy section */

/* Begin PBXFileReference section */
		4504E1AA1BFF34F80018A0C7 /* Handstand.xcassets */ = {isa = PBXFileReference; lastKnownFileType = folder.assetcatalog; path = Handstand.xcassets; sourceTree = "<group>"; };
		4504E1AC1BFF35120018A0C7 /* LegRaise.xcassets */ = {isa = PBXFileReference; lastKnownFileType = folder.assetcatalog; path = LegRaise.xcassets; sourceTree = "<group>"; };
		4504E1AE1BFF35280018A0C7 /* Pullup.xcassets */ = {isa = PBXFileReference; lastKnownFileType = folder.assetcatalog; path = Pullup.xcassets; sourceTree = "<group>"; };
		4504E1B01BFF35410018A0C7 /* Pushup.xcassets */ = {isa = PBXFileReference; lastKnownFileType = folder.assetcatalog; path = Pushup.xcassets; sourceTree = "<group>"; };
		4504E1B21BFF35530018A0C7 /* Squat.xcassets */ = {isa = PBXFileReference; lastKnownFileType = folder.assetcatalog; path = Squat.xcassets; sourceTree = "<group>"; };
		4504E1B41BFF37040018A0C7 /* Bridge.swift */ = {isa = PBXFileReference; fileEncoding = 4; lastKnownFileType = sourcecode.swift; name = Bridge.swift; path = Classes/Common/Model/Movements/Bridge.swift; sourceTree = "<group>"; };
		453404F61C06F67F001D77AC /* AppRouter.swift */ = {isa = PBXFileReference; fileEncoding = 4; lastKnownFileType = sourcecode.swift; path = AppRouter.swift; sourceTree = "<group>"; };
		453404F91C070730001D77AC /* HomeWireFrame.swift */ = {isa = PBXFileReference; fileEncoding = 4; lastKnownFileType = sourcecode.swift; path = HomeWireFrame.swift; sourceTree = "<group>"; };
		4537F2D31C1866AA0011819D /* MenuContainerViewController.swift */ = {isa = PBXFileReference; fileEncoding = 4; lastKnownFileType = sourcecode.swift; path = MenuContainerViewController.swift; sourceTree = "<group>"; };
		453AE5F11C0323490092E0BF /* AppDependencies.swift */ = {isa = PBXFileReference; fileEncoding = 4; lastKnownFileType = sourcecode.swift; path = AppDependencies.swift; sourceTree = "<group>"; };
		4542A5401C1B1A5000776E59 /* ExerciseWireFrame.swift */ = {isa = PBXFileReference; fileEncoding = 4; lastKnownFileType = sourcecode.swift; path = ExerciseWireFrame.swift; sourceTree = "<group>"; };
		4542A5421C1B1A7700776E59 /* ExerciseView.swift */ = {isa = PBXFileReference; fileEncoding = 4; lastKnownFileType = sourcecode.swift; path = ExerciseView.swift; sourceTree = "<group>"; };
		4542A5441C1B1A8800776E59 /* ExerciseProtocol.swift */ = {isa = PBXFileReference; fileEncoding = 4; lastKnownFileType = sourcecode.swift; path = ExerciseProtocol.swift; sourceTree = "<group>"; };
		4542A5461C1B1A9100776E59 /* ExercisePresenter.swift */ = {isa = PBXFileReference; fileEncoding = 4; lastKnownFileType = sourcecode.swift; path = ExercisePresenter.swift; sourceTree = "<group>"; };
		4542A5481C1B1A9C00776E59 /* ExerciseInteractor.swift */ = {isa = PBXFileReference; fileEncoding = 4; lastKnownFileType = sourcecode.swift; path = ExerciseInteractor.swift; sourceTree = "<group>"; };
		4542A54B1C1B1ABF00776E59 /* ExerciseLocalDataManager.swift */ = {isa = PBXFileReference; fileEncoding = 4; lastKnownFileType = sourcecode.swift; path = ExerciseLocalDataManager.swift; sourceTree = "<group>"; };
		454E7C071BF9F849005F0EBC /* MenuViewController.swift */ = {isa = PBXFileReference; fileEncoding = 4; lastKnownFileType = sourcecode.swift; name = MenuViewController.swift; path = Classes/Common/SlideMenu/MenuViewController.swift; sourceTree = "<group>"; };
		4555337D1BFF34720036E3EB /* Bridge.xcassets */ = {isa = PBXFileReference; lastKnownFileType = folder.assetcatalog; path = Bridge.xcassets; sourceTree = "<group>"; };
		4567AA321C084F330099D2A8 /* ScheduleLocalDataManager.swift */ = {isa = PBXFileReference; fileEncoding = 4; lastKnownFileType = sourcecode.swift; path = ScheduleLocalDataManager.swift; sourceTree = "<group>"; };
		4567AA341C084F5A0099D2A8 /* ScheduleInteractor.swift */ = {isa = PBXFileReference; fileEncoding = 4; lastKnownFileType = sourcecode.swift; path = ScheduleInteractor.swift; sourceTree = "<group>"; };
		4567AA351C084F5A0099D2A8 /* ScheduleItem.swift */ = {isa = PBXFileReference; fileEncoding = 4; lastKnownFileType = sourcecode.swift; path = ScheduleItem.swift; sourceTree = "<group>"; };
		4567AA381C084F610099D2A8 /* SchedulePresenter.swift */ = {isa = PBXFileReference; fileEncoding = 4; lastKnownFileType = sourcecode.swift; path = SchedulePresenter.swift; sourceTree = "<group>"; };
		4567AA3A1C084F680099D2A8 /* ScheduleProtocols.swift */ = {isa = PBXFileReference; fileEncoding = 4; lastKnownFileType = sourcecode.swift; path = ScheduleProtocols.swift; sourceTree = "<group>"; };
		4567AA3C1C084F6E0099D2A8 /* ScheduleView.swift */ = {isa = PBXFileReference; fileEncoding = 4; lastKnownFileType = sourcecode.swift; path = ScheduleView.swift; sourceTree = "<group>"; };
		4567AA3E1C084F730099D2A8 /* ScheduleWireFrame.swift */ = {isa = PBXFileReference; fileEncoding = 4; lastKnownFileType = sourcecode.swift; path = ScheduleWireFrame.swift; sourceTree = "<group>"; };
		4567AA401C0876620099D2A8 /* WorkoutDataManager.swift */ = {isa = PBXFileReference; fileEncoding = 4; lastKnownFileType = sourcecode.swift; path = WorkoutDataManager.swift; sourceTree = "<group>"; };
		45730D1E1C04A6F6002298E8 /* TrainingDataManager.swift */ = {isa = PBXFileReference; fileEncoding = 4; lastKnownFileType = sourcecode.swift; path = TrainingDataManager.swift; sourceTree = "<group>"; };
		45730D201C04AC56002298E8 /* LocalStoreProtocols.swift */ = {isa = PBXFileReference; fileEncoding = 4; lastKnownFileType = sourcecode.swift; path = LocalStoreProtocols.swift; sourceTree = "<group>"; };
		45730D221C04B7E3002298E8 /* DataManager.swift */ = {isa = PBXFileReference; fileEncoding = 4; lastKnownFileType = sourcecode.swift; path = DataManager.swift; sourceTree = "<group>"; };
		459B89AB1BFF6CB4000C2E8E /* MenuModuleWireFrame.swift */ = {isa = PBXFileReference; fileEncoding = 4; lastKnownFileType = sourcecode.swift; path = MenuModuleWireFrame.swift; sourceTree = "<group>"; };
		459B89B31BFF6D12000C2E8E /* MenuModuleView.swift */ = {isa = PBXFileReference; fileEncoding = 4; lastKnownFileType = sourcecode.swift; path = MenuModuleView.swift; sourceTree = "<group>"; };
		459B89B61BFF6D45000C2E8E /* MenuModuleLocalDataManager.swift */ = {isa = PBXFileReference; fileEncoding = 4; lastKnownFileType = sourcecode.swift; path = MenuModuleLocalDataManager.swift; sourceTree = "<group>"; };
		459B89B81BFF6D55000C2E8E /* MenuModuleInteractor.swift */ = {isa = PBXFileReference; fileEncoding = 4; lastKnownFileType = sourcecode.swift; path = MenuModuleInteractor.swift; sourceTree = "<group>"; };
		459B89B91BFF6D55000C2E8E /* MenuModuleItem.swift */ = {isa = PBXFileReference; fileEncoding = 4; lastKnownFileType = sourcecode.swift; path = MenuModuleItem.swift; sourceTree = "<group>"; };
		459B89BC1BFF6D64000C2E8E /* MenuModulePresenter.swift */ = {isa = PBXFileReference; fileEncoding = 4; lastKnownFileType = sourcecode.swift; path = MenuModulePresenter.swift; sourceTree = "<group>"; };
		459B89BE1BFF6D6C000C2E8E /* MenuModuleProtocols.swift */ = {isa = PBXFileReference; fileEncoding = 4; lastKnownFileType = sourcecode.swift; path = MenuModuleProtocols.swift; sourceTree = "<group>"; };
		45A1E2AC1C05B1A700EA4D03 /* HomeView.swift */ = {isa = PBXFileReference; fileEncoding = 4; lastKnownFileType = sourcecode.swift; path = HomeView.swift; sourceTree = "<group>"; };
		45A1E2AF1C05B26000EA4D03 /* HomeProtocols.swift */ = {isa = PBXFileReference; fileEncoding = 4; lastKnownFileType = sourcecode.swift; path = HomeProtocols.swift; sourceTree = "<group>"; };
		45A1E2B21C05B57E00EA4D03 /* HomePresenter.swift */ = {isa = PBXFileReference; fileEncoding = 4; lastKnownFileType = sourcecode.swift; path = HomePresenter.swift; sourceTree = "<group>"; };
		45A1E2B51C05B65700EA4D03 /* HomeInteractor.swift */ = {isa = PBXFileReference; fileEncoding = 4; lastKnownFileType = sourcecode.swift; path = HomeInteractor.swift; sourceTree = "<group>"; };
		45A1E2B61C05B65700EA4D03 /* HomeItem.swift */ = {isa = PBXFileReference; fileEncoding = 4; lastKnownFileType = sourcecode.swift; path = HomeItem.swift; sourceTree = "<group>"; };
		45A1E2B91C05C86E00EA4D03 /* DateManager.swift */ = {isa = PBXFileReference; fileEncoding = 4; lastKnownFileType = sourcecode.swift; path = DateManager.swift; sourceTree = "<group>"; };
		45A1E2BD1C05E9FE00EA4D03 /* HomeLocalDataManager.swift */ = {isa = PBXFileReference; fileEncoding = 4; lastKnownFileType = sourcecode.swift; path = HomeLocalDataManager.swift; sourceTree = "<group>"; };
		45A1E2BF1C05FF9E00EA4D03 /* Workout.swift */ = {isa = PBXFileReference; fileEncoding = 4; lastKnownFileType = sourcecode.swift; path = Workout.swift; sourceTree = "<group>"; };
		844E0A8F1BBBB9C100D5A582 /* Rest.swift */ = {isa = PBXFileReference; fileEncoding = 4; lastKnownFileType = sourcecode.swift; name = Rest.swift; path = Classes/Common/Model/Movements/Rest.swift; sourceTree = "<group>"; };
		844E0A921BBBC26F00D5A582 /* SlideMenuController.swift */ = {isa = PBXFileReference; fileEncoding = 4; lastKnownFileType = sourcecode.swift; name = SlideMenuController.swift; path = Classes/Common/SlideMenu/SlideMenuController.swift; sourceTree = "<group>"; };
		844E0A961BBBCBB700D5A582 /* ScheduleViewController.swift */ = {isa = PBXFileReference; fileEncoding = 4; lastKnownFileType = sourcecode.swift; name = ScheduleViewController.swift; path = Controllers/ScheduleViewController.swift; sourceTree = "<group>"; };
		844E0A981BBBCBC800D5A582 /* ExerciseViewController.swift */ = {isa = PBXFileReference; fileEncoding = 4; lastKnownFileType = sourcecode.swift; name = ExerciseViewController.swift; path = Controllers/ExerciseViewController.swift; sourceTree = "<group>"; };
		844E0A9A1BBBCBF800D5A582 /* ProgressionViewController.swift */ = {isa = PBXFileReference; fileEncoding = 4; lastKnownFileType = sourcecode.swift; name = ProgressionViewController.swift; path = Controllers/ProgressionViewController.swift; sourceTree = "<group>"; };
		844E0A9C1BBBCC1300D5A582 /* SettingsViewController.swift */ = {isa = PBXFileReference; fileEncoding = 4; lastKnownFileType = sourcecode.swift; name = SettingsViewController.swift; path = Controllers/SettingsViewController.swift; sourceTree = "<group>"; };
		844E0A9E1BBC2D0A00D5A582 /* ScheduleCell.swift */ = {isa = PBXFileReference; fileEncoding = 4; lastKnownFileType = sourcecode.swift; name = ScheduleCell.swift; path = Controllers/Cells/ScheduleCell.swift; sourceTree = "<group>"; };
		8453CB3F1BBD775900221659 /* UserWorkout.swift */ = {isa = PBXFileReference; fileEncoding = 4; lastKnownFileType = sourcecode.swift; name = UserWorkout.swift; path = Classes/Common/Model/Training/UserWorkout.swift; sourceTree = "<group>"; };
		84547A881BBA84EF00476EE8 /* HomeDisplayCell.swift */ = {isa = PBXFileReference; fileEncoding = 4; lastKnownFileType = sourcecode.swift; name = HomeDisplayCell.swift; path = Controllers/Cells/HomeDisplayCell.swift; sourceTree = "<group>"; };
		84547A8B1BBA872900476EE8 /* HomeViewController.swift */ = {isa = PBXFileReference; fileEncoding = 4; lastKnownFileType = sourcecode.swift; name = HomeViewController.swift; path = Controllers/HomeViewController.swift; sourceTree = "<group>"; };
		84547A8F1BBA91C600476EE8 /* Movement.swift */ = {isa = PBXFileReference; fileEncoding = 4; lastKnownFileType = sourcecode.swift; name = Movement.swift; path = Classes/Common/Model/Movements/Movement.swift; sourceTree = "<group>"; };
		84547A911BBA932B00476EE8 /* Exercise.swift */ = {isa = PBXFileReference; fileEncoding = 4; lastKnownFileType = sourcecode.swift; name = Exercise.swift; path = Classes/Common/Model/Movements/Exercise.swift; sourceTree = "<group>"; };
		84547A941BBA9A5700476EE8 /* Constants.swift */ = {isa = PBXFileReference; fileEncoding = 4; lastKnownFileType = sourcecode.swift; path = Constants.swift; sourceTree = "<group>"; };
		84547A971BBA9D8500476EE8 /* Pushup.swift */ = {isa = PBXFileReference; fileEncoding = 4; lastKnownFileType = sourcecode.swift; name = Pushup.swift; path = Classes/Common/Model/Movements/Pushup.swift; sourceTree = "<group>"; };
		84547A991BBABCDB00476EE8 /* Squat.swift */ = {isa = PBXFileReference; fileEncoding = 4; lastKnownFileType = sourcecode.swift; name = Squat.swift; path = Classes/Common/Model/Movements/Squat.swift; sourceTree = "<group>"; };
		84547A9B1BBABCEC00476EE8 /* Pullup.swift */ = {isa = PBXFileReference; fileEncoding = 4; lastKnownFileType = sourcecode.swift; name = Pullup.swift; path = Classes/Common/Model/Movements/Pullup.swift; sourceTree = "<group>"; };
		84547A9D1BBABCFC00476EE8 /* LegRaise.swift */ = {isa = PBXFileReference; fileEncoding = 4; lastKnownFileType = sourcecode.swift; name = LegRaise.swift; path = Classes/Common/Model/Movements/LegRaise.swift; sourceTree = "<group>"; };
		84547AA11BBABD1D00476EE8 /* Handstand.swift */ = {isa = PBXFileReference; fileEncoding = 4; lastKnownFileType = sourcecode.swift; name = Handstand.swift; path = Classes/Common/Model/Movements/Handstand.swift; sourceTree = "<group>"; };
		84547AA41BBAD8F000476EE8 /* Training.swift */ = {isa = PBXFileReference; fileEncoding = 4; lastKnownFileType = sourcecode.swift; name = Training.swift; path = Classes/Common/Model/Training/Training.swift; sourceTree = "<group>"; };
		84BF1D041BBE740300F1F2D6 /* ExerciseCell.swift */ = {isa = PBXFileReference; fileEncoding = 4; lastKnownFileType = sourcecode.swift; name = ExerciseCell.swift; path = Controllers/Cells/ExerciseCell.swift; sourceTree = "<group>"; };
		84BF1D071BBEC19700F1F2D6 /* TrainingViewCell.swift */ = {isa = PBXFileReference; fileEncoding = 4; lastKnownFileType = sourcecode.swift; name = TrainingViewCell.swift; path = Controllers/TrainingView/TrainingViewCell.swift; sourceTree = "<group>"; };
		84BF1D091BBEC1AD00F1F2D6 /* TrainingViewCell.xib */ = {isa = PBXFileReference; fileEncoding = 4; lastKnownFileType = file.xib; name = TrainingViewCell.xib; path = Controllers/TrainingView/TrainingViewCell.xib; sourceTree = "<group>"; };
		84EE4C231BB97FE50098BC01 /* CCTracker.app */ = {isa = PBXFileReference; explicitFileType = wrapper.application; includeInIndex = 0; path = CCTracker.app; sourceTree = BUILT_PRODUCTS_DIR; };
		84EE4C261BB97FE50098BC01 /* AppDelegate.swift */ = {isa = PBXFileReference; lastKnownFileType = sourcecode.swift; path = AppDelegate.swift; sourceTree = "<group>"; };
		84EE4C281BB97FE50098BC01 /* ViewController.swift */ = {isa = PBXFileReference; lastKnownFileType = sourcecode.swift; path = ViewController.swift; sourceTree = "<group>"; };
		84EE4C2B1BB97FE50098BC01 /* Base */ = {isa = PBXFileReference; lastKnownFileType = file.storyboard; name = Base; path = Base.lproj/Main.storyboard; sourceTree = "<group>"; };
		84EE4C2E1BB97FE50098BC01 /* CCTracker.xcdatamodel */ = {isa = PBXFileReference; lastKnownFileType = wrapper.xcdatamodel; path = CCTracker.xcdatamodel; sourceTree = "<group>"; };
		84EE4C301BB97FE50098BC01 /* Assets.xcassets */ = {isa = PBXFileReference; lastKnownFileType = folder.assetcatalog; path = Assets.xcassets; sourceTree = "<group>"; };
		84EE4C331BB97FE50098BC01 /* Base */ = {isa = PBXFileReference; lastKnownFileType = file.storyboard; name = Base; path = Base.lproj/LaunchScreen.storyboard; sourceTree = "<group>"; };
		84EE4C351BB97FE50098BC01 /* Info.plist */ = {isa = PBXFileReference; lastKnownFileType = text.plist.xml; path = Info.plist; sourceTree = "<group>"; };
		84EE4C3A1BB97FE50098BC01 /* CCTrackerTests.xctest */ = {isa = PBXFileReference; explicitFileType = wrapper.cfbundle; includeInIndex = 0; path = CCTrackerTests.xctest; sourceTree = BUILT_PRODUCTS_DIR; };
		84EE4C3E1BB97FE50098BC01 /* CCTrackerTests.swift */ = {isa = PBXFileReference; lastKnownFileType = sourcecode.swift; path = CCTrackerTests.swift; sourceTree = "<group>"; };
		84EE4C401BB97FE50098BC01 /* Info.plist */ = {isa = PBXFileReference; lastKnownFileType = text.plist.xml; path = Info.plist; sourceTree = "<group>"; };
		84EE4C451BB97FE50098BC01 /* CCTrackerUITests.xctest */ = {isa = PBXFileReference; explicitFileType = wrapper.cfbundle; includeInIndex = 0; path = CCTrackerUITests.xctest; sourceTree = BUILT_PRODUCTS_DIR; };
		84EE4C491BB97FE50098BC01 /* CCTrackerUITests.swift */ = {isa = PBXFileReference; lastKnownFileType = sourcecode.swift; path = CCTrackerUITests.swift; sourceTree = "<group>"; };
		84EE4C4B1BB97FE50098BC01 /* Info.plist */ = {isa = PBXFileReference; lastKnownFileType = text.plist.xml; path = Info.plist; sourceTree = "<group>"; };
		84EE4C5D1BB986E20098BC01 /* Icons.xcassets */ = {isa = PBXFileReference; lastKnownFileType = folder.assetcatalog; path = Icons.xcassets; sourceTree = "<group>"; };
/* End PBXFileReference section */

/* Begin PBXFrameworksBuildPhase section */
		84EE4C201BB97FE50098BC01 /* Frameworks */ = {
			isa = PBXFrameworksBuildPhase;
			buildActionMask = 2147483647;
			files = (
			);
			runOnlyForDeploymentPostprocessing = 0;
		};
		84EE4C371BB97FE50098BC01 /* Frameworks */ = {
			isa = PBXFrameworksBuildPhase;
			buildActionMask = 2147483647;
			files = (
			);
			runOnlyForDeploymentPostprocessing = 0;
		};
		84EE4C421BB97FE50098BC01 /* Frameworks */ = {
			isa = PBXFrameworksBuildPhase;
			buildActionMask = 2147483647;
			files = (
			);
			runOnlyForDeploymentPostprocessing = 0;
		};
/* End PBXFrameworksBuildPhase section */

/* Begin PBXGroup section */
		453404F81C07071B001D77AC /* WireFrame */ = {
			isa = PBXGroup;
			children = (
				453404F91C070730001D77AC /* HomeWireFrame.swift */,
			);
			path = WireFrame;
			sourceTree = "<group>";
		};
		4542A5391C1ADAC300776E59 /* Exercise */ = {
			isa = PBXGroup;
			children = (
				4542A53A1C1ADB4600776E59 /* DataManager */,
				4542A53B1C1ADB4D00776E59 /* Interactor */,
				4542A53F1C1ADB7B00776E59 /* Presenter */,
				4542A53E1C1ADB7100776E59 /* Protocol */,
				4542A53D1C1ADB6600776E59 /* View */,
				4542A53C1C1ADB5B00776E59 /* WireFrame */,
			);
			name = Exercise;
			path = Classes/Modules/Exercise;
			sourceTree = "<group>";
		};
		4542A53A1C1ADB4600776E59 /* DataManager */ = {
			isa = PBXGroup;
			children = (
				4542A54A1C1B1A9F00776E59 /* Local */,
			);
			path = DataManager;
			sourceTree = "<group>";
		};
		4542A53B1C1ADB4D00776E59 /* Interactor */ = {
			isa = PBXGroup;
			children = (
				4542A5481C1B1A9C00776E59 /* ExerciseInteractor.swift */,
			);
			path = Interactor;
			sourceTree = "<group>";
		};
		4542A53C1C1ADB5B00776E59 /* WireFrame */ = {
			isa = PBXGroup;
			children = (
				4542A5401C1B1A5000776E59 /* ExerciseWireFrame.swift */,
			);
			path = WireFrame;
			sourceTree = "<group>";
		};
		4542A53D1C1ADB6600776E59 /* View */ = {
			isa = PBXGroup;
			children = (
				4542A5421C1B1A7700776E59 /* ExerciseView.swift */,
			);
			path = View;
			sourceTree = "<group>";
		};
		4542A53E1C1ADB7100776E59 /* Protocol */ = {
			isa = PBXGroup;
			children = (
				4542A5441C1B1A8800776E59 /* ExerciseProtocol.swift */,
			);
			path = Protocol;
			sourceTree = "<group>";
		};
		4542A53F1C1ADB7B00776E59 /* Presenter */ = {
			isa = PBXGroup;
			children = (
				4542A5461C1B1A9100776E59 /* ExercisePresenter.swift */,
			);
			path = Presenter;
			sourceTree = "<group>";
		};
		4542A54A1C1B1A9F00776E59 /* Local */ = {
			isa = PBXGroup;
			children = (
				4542A54B1C1B1ABF00776E59 /* ExerciseLocalDataManager.swift */,
			);
			path = Local;
			sourceTree = "<group>";
		};
		454E7C031BF9F63E005F0EBC /* Classes */ = {
			isa = PBXGroup;
			children = (
				84EE4C261BB97FE50098BC01 /* AppDelegate.swift */,
				453AE5F11C0323490092E0BF /* AppDependencies.swift */,
				453404F61C06F67F001D77AC /* AppRouter.swift */,
				454E7C051BF9F65A005F0EBC /* Modules */,
				454E7C041BF9F650005F0EBC /* Common */,
			);
			name = Classes;
			sourceTree = "<group>";
		};
		454E7C041BF9F650005F0EBC /* Common */ = {
			isa = PBXGroup;
			children = (
				454E7C091BF9F8B6005F0EBC /* Model */,
				454E7C061BF9F75F005F0EBC /* SlideMenu */,
			);
			name = Common;
			sourceTree = "<group>";
		};
		454E7C051BF9F65A005F0EBC /* Modules */ = {
			isa = PBXGroup;
			children = (
				4542A5391C1ADAC300776E59 /* Exercise */,
				4567AA2A1C084B910099D2A8 /* Schedule */,
				45A1E2AA1C05B16A00EA4D03 /* Home */,
				459B89A41BFF6BF7000C2E8E /* Menu */,
			);
			name = Modules;
			sourceTree = "<group>";
		};
		454E7C061BF9F75F005F0EBC /* SlideMenu */ = {
			isa = PBXGroup;
			children = (
				454E7C071BF9F849005F0EBC /* MenuViewController.swift */,
				844E0A921BBBC26F00D5A582 /* SlideMenuController.swift */,
			);
			name = SlideMenu;
			sourceTree = "<group>";
		};
		454E7C091BF9F8B6005F0EBC /* Model */ = {
			isa = PBXGroup;
			children = (
				45730D1D1C04A6B0002298E8 /* PersistanceManagers */,
				84547AA31BBAD8AE00476EE8 /* Training */,
				84547A961BBA9D6800476EE8 /* Movements */,
				45A1E2B91C05C86E00EA4D03 /* DateManager.swift */,
			);
			name = Model;
			sourceTree = "<group>";
		};
		4567AA2A1C084B910099D2A8 /* Schedule */ = {
			isa = PBXGroup;
			children = (
				4567AA2B1C084C960099D2A8 /* DataManager */,
				4567AA301C084CE10099D2A8 /* Interactor */,
				4567AA2F1C084CDA0099D2A8 /* Presenter */,
				4567AA2E1C084CD10099D2A8 /* Protocols */,
				4567AA2D1C084CCB0099D2A8 /* View */,
				4567AA2C1C084CC10099D2A8 /* WireFrame */,
			);
			name = Schedule;
			path = Classes/Modules/Schedule;
			sourceTree = "<group>";
		};
		4567AA2B1C084C960099D2A8 /* DataManager */ = {
			isa = PBXGroup;
			children = (
				4567AA311C084F250099D2A8 /* Local */,
			);
			path = DataManager;
			sourceTree = "<group>";
		};
		4567AA2C1C084CC10099D2A8 /* WireFrame */ = {
			isa = PBXGroup;
			children = (
				4567AA3E1C084F730099D2A8 /* ScheduleWireFrame.swift */,
			);
			path = WireFrame;
			sourceTree = "<group>";
		};
		4567AA2D1C084CCB0099D2A8 /* View */ = {
			isa = PBXGroup;
			children = (
				4567AA3C1C084F6E0099D2A8 /* ScheduleView.swift */,
			);
			path = View;
			sourceTree = "<group>";
		};
		4567AA2E1C084CD10099D2A8 /* Protocols */ = {
			isa = PBXGroup;
			children = (
				4567AA3A1C084F680099D2A8 /* ScheduleProtocols.swift */,
			);
			path = Protocols;
			sourceTree = "<group>";
		};
		4567AA2F1C084CDA0099D2A8 /* Presenter */ = {
			isa = PBXGroup;
			children = (
				4567AA381C084F610099D2A8 /* SchedulePresenter.swift */,
			);
			path = Presenter;
			sourceTree = "<group>";
		};
		4567AA301C084CE10099D2A8 /* Interactor */ = {
			isa = PBXGroup;
			children = (
				4567AA341C084F5A0099D2A8 /* ScheduleInteractor.swift */,
				4567AA351C084F5A0099D2A8 /* ScheduleItem.swift */,
			);
			path = Interactor;
			sourceTree = "<group>";
		};
		4567AA311C084F250099D2A8 /* Local */ = {
			isa = PBXGroup;
			children = (
				4567AA321C084F330099D2A8 /* ScheduleLocalDataManager.swift */,
			);
			path = Local;
			sourceTree = "<group>";
		};
		45730D1D1C04A6B0002298E8 /* PersistanceManagers */ = {
			isa = PBXGroup;
			children = (
				45730D1E1C04A6F6002298E8 /* TrainingDataManager.swift */,
				45730D201C04AC56002298E8 /* LocalStoreProtocols.swift */,
				45730D221C04B7E3002298E8 /* DataManager.swift */,
				4567AA401C0876620099D2A8 /* WorkoutDataManager.swift */,
			);
			name = PersistanceManagers;
			sourceTree = "<group>";
		};
		459B89A41BFF6BF7000C2E8E /* Menu */ = {
			isa = PBXGroup;
			children = (
				459B89AA1BFF6C78000C2E8E /* DataManager */,
				459B89A91BFF6C72000C2E8E /* Interactor */,
				459B89A81BFF6C6D000C2E8E /* Presenter */,
				459B89A71BFF6C65000C2E8E /* Protocols */,
				459B89B21BFF6D00000C2E8E /* View */,
				459B89A51BFF6C57000C2E8E /* WireFrame */,
			);
			name = Menu;
			path = Classes/Modules/MenuModule;
			sourceTree = "<group>";
		};
		459B89A51BFF6C57000C2E8E /* WireFrame */ = {
			isa = PBXGroup;
			children = (
				459B89AB1BFF6CB4000C2E8E /* MenuModuleWireFrame.swift */,
			);
			path = WireFrame;
			sourceTree = "<group>";
		};
		459B89A71BFF6C65000C2E8E /* Protocols */ = {
			isa = PBXGroup;
			children = (
				459B89BE1BFF6D6C000C2E8E /* MenuModuleProtocols.swift */,
			);
			path = Protocols;
			sourceTree = "<group>";
		};
		459B89A81BFF6C6D000C2E8E /* Presenter */ = {
			isa = PBXGroup;
			children = (
				459B89BC1BFF6D64000C2E8E /* MenuModulePresenter.swift */,
			);
			path = Presenter;
			sourceTree = "<group>";
		};
		459B89A91BFF6C72000C2E8E /* Interactor */ = {
			isa = PBXGroup;
			children = (
				459B89B81BFF6D55000C2E8E /* MenuModuleInteractor.swift */,
				459B89B91BFF6D55000C2E8E /* MenuModuleItem.swift */,
			);
			path = Interactor;
			sourceTree = "<group>";
		};
		459B89AA1BFF6C78000C2E8E /* DataManager */ = {
			isa = PBXGroup;
			children = (
				459B89B51BFF6D23000C2E8E /* Local */,
			);
			name = DataManager;
			path = DataManager/Local;
			sourceTree = "<group>";
		};
		459B89B21BFF6D00000C2E8E /* View */ = {
			isa = PBXGroup;
			children = (
				459B89B31BFF6D12000C2E8E /* MenuModuleView.swift */,
				4537F2D31C1866AA0011819D /* MenuContainerViewController.swift */,
			);
			path = View;
			sourceTree = "<group>";
		};
		459B89B51BFF6D23000C2E8E /* Local */ = {
			isa = PBXGroup;
			children = (
				459B89B61BFF6D45000C2E8E /* MenuModuleLocalDataManager.swift */,
			);
			name = Local;
			sourceTree = "<group>";
		};
		45A1E2AA1C05B16A00EA4D03 /* Home */ = {
			isa = PBXGroup;
			children = (
				453404F81C07071B001D77AC /* WireFrame */,
				45A1E2BB1C05E9E100EA4D03 /* DataManager */,
				45A1E2B41C05B64000EA4D03 /* Interactor */,
				45A1E2B11C05B56100EA4D03 /* Presenter */,
				45A1E2AE1C05B1B700EA4D03 /* Protocols */,
				45A1E2AB1C05B17300EA4D03 /* View */,
			);
			name = Home;
			path = Classes/Modules/Home;
			sourceTree = "<group>";
		};
		45A1E2AB1C05B17300EA4D03 /* View */ = {
			isa = PBXGroup;
			children = (
				45A1E2AC1C05B1A700EA4D03 /* HomeView.swift */,
			);
			path = View;
			sourceTree = "<group>";
		};
		45A1E2AE1C05B1B700EA4D03 /* Protocols */ = {
			isa = PBXGroup;
			children = (
				45A1E2AF1C05B26000EA4D03 /* HomeProtocols.swift */,
			);
			path = Protocols;
			sourceTree = "<group>";
		};
		45A1E2B11C05B56100EA4D03 /* Presenter */ = {
			isa = PBXGroup;
			children = (
				45A1E2B21C05B57E00EA4D03 /* HomePresenter.swift */,
			);
			path = Presenter;
			sourceTree = "<group>";
		};
		45A1E2B41C05B64000EA4D03 /* Interactor */ = {
			isa = PBXGroup;
			children = (
				45A1E2B51C05B65700EA4D03 /* HomeInteractor.swift */,
				45A1E2B61C05B65700EA4D03 /* HomeItem.swift */,
			);
			path = Interactor;
			sourceTree = "<group>";
		};
		45A1E2BB1C05E9E100EA4D03 /* DataManager */ = {
			isa = PBXGroup;
			children = (
				45A1E2BC1C05E9F200EA4D03 /* Local */,
			);
			path = DataManager;
			sourceTree = "<group>";
		};
		45A1E2BC1C05E9F200EA4D03 /* Local */ = {
			isa = PBXGroup;
			children = (
				45A1E2BD1C05E9FE00EA4D03 /* HomeLocalDataManager.swift */,
			);
			path = Local;
			sourceTree = "<group>";
		};
		84547A8A1BBA84F300476EE8 /* Cells */ = {
			isa = PBXGroup;
			children = (
				84547A881BBA84EF00476EE8 /* HomeDisplayCell.swift */,
				844E0A9E1BBC2D0A00D5A582 /* ScheduleCell.swift */,
				84BF1D041BBE740300F1F2D6 /* ExerciseCell.swift */,
			);
			name = Cells;
			sourceTree = "<group>";
		};
		84547A961BBA9D6800476EE8 /* Movements */ = {
			isa = PBXGroup;
			children = (
				4504E1B41BFF37040018A0C7 /* Bridge.swift */,
				84547A911BBA932B00476EE8 /* Exercise.swift */,
				84547A8F1BBA91C600476EE8 /* Movement.swift */,
				84547A971BBA9D8500476EE8 /* Pushup.swift */,
				84547A991BBABCDB00476EE8 /* Squat.swift */,
				84547A9B1BBABCEC00476EE8 /* Pullup.swift */,
				84547A9D1BBABCFC00476EE8 /* LegRaise.swift */,
				84547AA11BBABD1D00476EE8 /* Handstand.swift */,
				844E0A8F1BBBB9C100D5A582 /* Rest.swift */,
			);
			name = Movements;
			sourceTree = "<group>";
		};
		84547AA31BBAD8AE00476EE8 /* Training */ = {
			isa = PBXGroup;
			children = (
				84547AA41BBAD8F000476EE8 /* Training.swift */,
				8453CB3F1BBD775900221659 /* UserWorkout.swift */,
				45A1E2BF1C05FF9E00EA4D03 /* Workout.swift */,
			);
			name = Training;
			sourceTree = "<group>";
		};
		84BF1D061BBEC16100F1F2D6 /* ExerciseView */ = {
			isa = PBXGroup;
			children = (
				84BF1D071BBEC19700F1F2D6 /* TrainingViewCell.swift */,
				84BF1D091BBEC1AD00F1F2D6 /* TrainingViewCell.xib */,
			);
			name = ExerciseView;
			sourceTree = "<group>";
		};
		84EE4C1A1BB97FE50098BC01 = {
			isa = PBXGroup;
			children = (
				84EE4C251BB97FE50098BC01 /* CCTracker */,
				84EE4C3D1BB97FE50098BC01 /* CCTrackerTests */,
				84EE4C481BB97FE50098BC01 /* CCTrackerUITests */,
				84EE4C241BB97FE50098BC01 /* Products */,
			);
			sourceTree = "<group>";
		};
		84EE4C241BB97FE50098BC01 /* Products */ = {
			isa = PBXGroup;
			children = (
				84EE4C231BB97FE50098BC01 /* CCTracker.app */,
				84EE4C3A1BB97FE50098BC01 /* CCTrackerTests.xctest */,
				84EE4C451BB97FE50098BC01 /* CCTrackerUITests.xctest */,
			);
			name = Products;
			sourceTree = "<group>";
		};
		84EE4C251BB97FE50098BC01 /* CCTracker */ = {
			isa = PBXGroup;
			children = (
				454E7C031BF9F63E005F0EBC /* Classes */,
				84547A941BBA9A5700476EE8 /* Constants.swift */,
				84EE4C571BB983D90098BC01 /* Controllers */,
				84EE4C581BB983E20098BC01 /* Interface */,
				84EE4C5A1BB983F20098BC01 /* Resources */,
				84EE4C5B1BB983FE0098BC01 /* Supporting Files */,
			);
			path = CCTracker;
			sourceTree = "<group>";
		};
		84EE4C3D1BB97FE50098BC01 /* CCTrackerTests */ = {
			isa = PBXGroup;
			children = (
				84EE4C3E1BB97FE50098BC01 /* CCTrackerTests.swift */,
				84EE4C401BB97FE50098BC01 /* Info.plist */,
			);
			path = CCTrackerTests;
			sourceTree = "<group>";
		};
		84EE4C481BB97FE50098BC01 /* CCTrackerUITests */ = {
			isa = PBXGroup;
			children = (
				84EE4C491BB97FE50098BC01 /* CCTrackerUITests.swift */,
				84EE4C4B1BB97FE50098BC01 /* Info.plist */,
			);
			path = CCTrackerUITests;
			sourceTree = "<group>";
		};
		84EE4C571BB983D90098BC01 /* Controllers */ = {
			isa = PBXGroup;
			children = (
				84BF1D061BBEC16100F1F2D6 /* ExerciseView */,
				84547A8A1BBA84F300476EE8 /* Cells */,
				84EE4C281BB97FE50098BC01 /* ViewController.swift */,
				84547A8B1BBA872900476EE8 /* HomeViewController.swift */,
				844E0A961BBBCBB700D5A582 /* ScheduleViewController.swift */,
				844E0A981BBBCBC800D5A582 /* ExerciseViewController.swift */,
				844E0A9A1BBBCBF800D5A582 /* ProgressionViewController.swift */,
				844E0A9C1BBBCC1300D5A582 /* SettingsViewController.swift */,
			);
			name = Controllers;
			sourceTree = "<group>";
		};
		84EE4C581BB983E20098BC01 /* Interface */ = {
			isa = PBXGroup;
			children = (
				84EE4C2A1BB97FE50098BC01 /* Main.storyboard */,
				84EE4C321BB97FE50098BC01 /* LaunchScreen.storyboard */,
			);
			name = Interface;
			sourceTree = "<group>";
		};
		84EE4C5A1BB983F20098BC01 /* Resources */ = {
			isa = PBXGroup;
			children = (
				84EE4C5C1BB986B40098BC01 /* Images */,
				84EE4C2D1BB97FE50098BC01 /* CCTracker.xcdatamodeld */,
			);
			name = Resources;
			sourceTree = "<group>";
		};
		84EE4C5B1BB983FE0098BC01 /* Supporting Files */ = {
			isa = PBXGroup;
			children = (
				84EE4C351BB97FE50098BC01 /* Info.plist */,
			);
			name = "Supporting Files";
			sourceTree = "<group>";
		};
		84EE4C5C1BB986B40098BC01 /* Images */ = {
			isa = PBXGroup;
			children = (
				84EE4C301BB97FE50098BC01 /* Assets.xcassets */,
				84EE4C5D1BB986E20098BC01 /* Icons.xcassets */,
				4555337D1BFF34720036E3EB /* Bridge.xcassets */,
				4504E1AA1BFF34F80018A0C7 /* Handstand.xcassets */,
				4504E1AC1BFF35120018A0C7 /* LegRaise.xcassets */,
				4504E1AE1BFF35280018A0C7 /* Pullup.xcassets */,
				4504E1B01BFF35410018A0C7 /* Pushup.xcassets */,
				4504E1B21BFF35530018A0C7 /* Squat.xcassets */,
			);
			name = Images;
			sourceTree = "<group>";
		};
/* End PBXGroup section */

/* Begin PBXNativeTarget section */
		84EE4C221BB97FE50098BC01 /* CCTracker */ = {
			isa = PBXNativeTarget;
			buildConfigurationList = 84EE4C4E1BB97FE50098BC01 /* Build configuration list for PBXNativeTarget "CCTracker" */;
			buildPhases = (
				84EE4C1F1BB97FE50098BC01 /* Sources */,
				84EE4C201BB97FE50098BC01 /* Frameworks */,
				84EE4C211BB97FE50098BC01 /* Resources */,
			);
			buildRules = (
			);
			dependencies = (
			);
			name = CCTracker;
			productName = CCTracker;
			productReference = 84EE4C231BB97FE50098BC01 /* CCTracker.app */;
			productType = "com.apple.product-type.application";
		};
		84EE4C391BB97FE50098BC01 /* CCTrackerTests */ = {
			isa = PBXNativeTarget;
			buildConfigurationList = 84EE4C511BB97FE50098BC01 /* Build configuration list for PBXNativeTarget "CCTrackerTests" */;
			buildPhases = (
				84EE4C361BB97FE50098BC01 /* Sources */,
				84EE4C371BB97FE50098BC01 /* Frameworks */,
				84EE4C381BB97FE50098BC01 /* Resources */,
			);
			buildRules = (
			);
			dependencies = (
				84EE4C3C1BB97FE50098BC01 /* PBXTargetDependency */,
			);
			name = CCTrackerTests;
			productName = CCTrackerTests;
			productReference = 84EE4C3A1BB97FE50098BC01 /* CCTrackerTests.xctest */;
			productType = "com.apple.product-type.bundle.unit-test";
		};
		84EE4C441BB97FE50098BC01 /* CCTrackerUITests */ = {
			isa = PBXNativeTarget;
			buildConfigurationList = 84EE4C541BB97FE50098BC01 /* Build configuration list for PBXNativeTarget "CCTrackerUITests" */;
			buildPhases = (
				84EE4C411BB97FE50098BC01 /* Sources */,
				84EE4C421BB97FE50098BC01 /* Frameworks */,
				84EE4C431BB97FE50098BC01 /* Resources */,
			);
			buildRules = (
			);
			dependencies = (
				84EE4C471BB97FE50098BC01 /* PBXTargetDependency */,
			);
			name = CCTrackerUITests;
			productName = CCTrackerUITests;
			productReference = 84EE4C451BB97FE50098BC01 /* CCTrackerUITests.xctest */;
			productType = "com.apple.product-type.bundle.ui-testing";
		};
/* End PBXNativeTarget section */

/* Begin PBXProject section */
		84EE4C1B1BB97FE50098BC01 /* Project object */ = {
			isa = PBXProject;
			attributes = {
				LastUpgradeCheck = 0700;
				ORGANIZATIONNAME = "Arteries Studio";
				TargetAttributes = {
					84EE4C221BB97FE50098BC01 = {
						CreatedOnToolsVersion = 7.0;
					};
					84EE4C391BB97FE50098BC01 = {
						CreatedOnToolsVersion = 7.0;
						TestTargetID = 84EE4C221BB97FE50098BC01;
					};
					84EE4C441BB97FE50098BC01 = {
						CreatedOnToolsVersion = 7.0;
						TestTargetID = 84EE4C221BB97FE50098BC01;
					};
				};
			};
			buildConfigurationList = 84EE4C1E1BB97FE50098BC01 /* Build configuration list for PBXProject "CCTracker" */;
			compatibilityVersion = "Xcode 3.2";
			developmentRegion = English;
			hasScannedForEncodings = 0;
			knownRegions = (
				en,
				Base,
			);
			mainGroup = 84EE4C1A1BB97FE50098BC01;
			productRefGroup = 84EE4C241BB97FE50098BC01 /* Products */;
			projectDirPath = "";
			projectRoot = "";
			targets = (
				84EE4C221BB97FE50098BC01 /* CCTracker */,
				84EE4C391BB97FE50098BC01 /* CCTrackerTests */,
				84EE4C441BB97FE50098BC01 /* CCTrackerUITests */,
			);
		};
/* End PBXProject section */

/* Begin PBXResourcesBuildPhase section */
		84EE4C211BB97FE50098BC01 /* Resources */ = {
			isa = PBXResourcesBuildPhase;
			buildActionMask = 2147483647;
			files = (
				4504E1B11BFF35410018A0C7 /* Pushup.xcassets in Resources */,
				84EE4C341BB97FE50098BC01 /* LaunchScreen.storyboard in Resources */,
				84BF1D0A1BBEC1AD00F1F2D6 /* TrainingViewCell.xib in Resources */,
				84EE4C311BB97FE50098BC01 /* Assets.xcassets in Resources */,
				4504E1B31BFF35530018A0C7 /* Squat.xcassets in Resources */,
				4504E1AF1BFF35280018A0C7 /* Pullup.xcassets in Resources */,
				4504E1AB1BFF34F80018A0C7 /* Handstand.xcassets in Resources */,
				84EE4C5E1BB986E20098BC01 /* Icons.xcassets in Resources */,
				4504E1AD1BFF35120018A0C7 /* LegRaise.xcassets in Resources */,
				84EE4C2C1BB97FE50098BC01 /* Main.storyboard in Resources */,
				4555337E1BFF34720036E3EB /* Bridge.xcassets in Resources */,
			);
			runOnlyForDeploymentPostprocessing = 0;
		};
		84EE4C381BB97FE50098BC01 /* Resources */ = {
			isa = PBXResourcesBuildPhase;
			buildActionMask = 2147483647;
			files = (
			);
			runOnlyForDeploymentPostprocessing = 0;
		};
		84EE4C431BB97FE50098BC01 /* Resources */ = {
			isa = PBXResourcesBuildPhase;
			buildActionMask = 2147483647;
			files = (
			);
			runOnlyForDeploymentPostprocessing = 0;
		};
/* End PBXResourcesBuildPhase section */

/* Begin PBXSourcesBuildPhase section */
		84EE4C1F1BB97FE50098BC01 /* Sources */ = {
			isa = PBXSourcesBuildPhase;
			buildActionMask = 2147483647;
			files = (
				459B89BB1BFF6D55000C2E8E /* MenuModuleItem.swift in Sources */,
				45A1E2BA1C05C86E00EA4D03 /* DateManager.swift in Sources */,
				459B89B41BFF6D12000C2E8E /* MenuModuleView.swift in Sources */,
				84547A9A1BBABCDB00476EE8 /* Squat.swift in Sources */,
				4567AA3B1C084F680099D2A8 /* ScheduleProtocols.swift in Sources */,
				84547AA21BBABD1D00476EE8 /* Handstand.swift in Sources */,
				84547A9E1BBABCFC00476EE8 /* LegRaise.swift in Sources */,
				4567AA331C084F330099D2A8 /* ScheduleLocalDataManager.swift in Sources */,
				453404F71C06F67F001D77AC /* AppRouter.swift in Sources */,
				459B89AC1BFF6CB4000C2E8E /* MenuModuleWireFrame.swift in Sources */,
				4542A5491C1B1A9C00776E59 /* ExerciseInteractor.swift in Sources */,
				4542A5451C1B1A8800776E59 /* ExerciseProtocol.swift in Sources */,
				459B89BA1BFF6D55000C2E8E /* MenuModuleInteractor.swift in Sources */,
				459B89B71BFF6D45000C2E8E /* MenuModuleLocalDataManager.swift in Sources */,
				4542A5431C1B1A7700776E59 /* ExerciseView.swift in Sources */,
				84BF1D051BBE740300F1F2D6 /* ExerciseCell.swift in Sources */,
				844E0A901BBBB9C100D5A582 /* Rest.swift in Sources */,
				84547A8C1BBA872900476EE8 /* HomeViewController.swift in Sources */,
				4567AA3D1C084F6E0099D2A8 /* ScheduleView.swift in Sources */,
				844E0A9B1BBBCBF800D5A582 /* ProgressionViewController.swift in Sources */,
				4537F2D41C1866AA0011819D /* MenuContainerViewController.swift in Sources */,
				4567AA411C0876620099D2A8 /* WorkoutDataManager.swift in Sources */,
				454E7C081BF9F849005F0EBC /* MenuViewController.swift in Sources */,
				45A1E2B81C05B65700EA4D03 /* HomeItem.swift in Sources */,
				4504E1B51BFF37040018A0C7 /* Bridge.swift in Sources */,
				453404FA1C070730001D77AC /* HomeWireFrame.swift in Sources */,
				8453CB401BBD775900221659 /* UserWorkout.swift in Sources */,
				4542A54C1C1B1ABF00776E59 /* ExerciseLocalDataManager.swift in Sources */,
				84BF1D081BBEC19700F1F2D6 /* TrainingViewCell.swift in Sources */,
				45730D211C04AC56002298E8 /* LocalStoreProtocols.swift in Sources */,
				844E0A931BBBC26F00D5A582 /* SlideMenuController.swift in Sources */,
				4567AA371C084F5A0099D2A8 /* ScheduleItem.swift in Sources */,
				4542A5471C1B1A9100776E59 /* ExercisePresenter.swift in Sources */,
				453AE5F21C0323490092E0BF /* AppDependencies.swift in Sources */,
				45A1E2B01C05B26000EA4D03 /* HomeProtocols.swift in Sources */,
				844E0A9F1BBC2D0A00D5A582 /* ScheduleCell.swift in Sources */,
				45A1E2C01C05FF9E00EA4D03 /* Workout.swift in Sources */,
				844E0A991BBBCBC800D5A582 /* ExerciseViewController.swift in Sources */,
				84547AA51BBAD8F000476EE8 /* Training.swift in Sources */,
				45A1E2B31C05B57E00EA4D03 /* HomePresenter.swift in Sources */,
				45A1E2B71C05B65700EA4D03 /* HomeInteractor.swift in Sources */,
				84547A901BBA91C600476EE8 /* Movement.swift in Sources */,
				84EE4C2F1BB97FE50098BC01 /* CCTracker.xcdatamodeld in Sources */,
				4567AA391C084F610099D2A8 /* SchedulePresenter.swift in Sources */,
				4567AA3F1C084F730099D2A8 /* ScheduleWireFrame.swift in Sources */,
				84EE4C291BB97FE50098BC01 /* ViewController.swift in Sources */,
				459B89BF1BFF6D6C000C2E8E /* MenuModuleProtocols.swift in Sources */,
				84547A981BBA9D8500476EE8 /* Pushup.swift in Sources */,
				45730D1F1C04A6F6002298E8 /* TrainingDataManager.swift in Sources */,
				4567AA361C084F5A0099D2A8 /* ScheduleInteractor.swift in Sources */,
				844E0A9D1BBBCC1300D5A582 /* SettingsViewController.swift in Sources */,
				844E0A971BBBCBB700D5A582 /* ScheduleViewController.swift in Sources */,
				84EE4C271BB97FE50098BC01 /* AppDelegate.swift in Sources */,
				459B89BD1BFF6D64000C2E8E /* MenuModulePresenter.swift in Sources */,
				84547A921BBA932B00476EE8 /* Exercise.swift in Sources */,
				45A1E2BE1C05E9FE00EA4D03 /* HomeLocalDataManager.swift in Sources */,
				84547A891BBA84EF00476EE8 /* HomeDisplayCell.swift in Sources */,
				45730D231C04B7E3002298E8 /* DataManager.swift in Sources */,
				84547A951BBA9A5700476EE8 /* Constants.swift in Sources */,
				84547A9C1BBABCEC00476EE8 /* Pullup.swift in Sources */,
				45A1E2AD1C05B1A700EA4D03 /* HomeView.swift in Sources */,
				4542A5411C1B1A5000776E59 /* ExerciseWireFrame.swift in Sources */,
			);
			runOnlyForDeploymentPostprocessing = 0;
		};
		84EE4C361BB97FE50098BC01 /* Sources */ = {
			isa = PBXSourcesBuildPhase;
			buildActionMask = 2147483647;
			files = (
				84EE4C3F1BB97FE50098BC01 /* CCTrackerTests.swift in Sources */,
			);
			runOnlyForDeploymentPostprocessing = 0;
		};
		84EE4C411BB97FE50098BC01 /* Sources */ = {
			isa = PBXSourcesBuildPhase;
			buildActionMask = 2147483647;
			files = (
				84EE4C4A1BB97FE50098BC01 /* CCTrackerUITests.swift in Sources */,
			);
			runOnlyForDeploymentPostprocessing = 0;
		};
/* End PBXSourcesBuildPhase section */

/* Begin PBXTargetDependency section */
		84EE4C3C1BB97FE50098BC01 /* PBXTargetDependency */ = {
			isa = PBXTargetDependency;
			target = 84EE4C221BB97FE50098BC01 /* CCTracker */;
			targetProxy = 84EE4C3B1BB97FE50098BC01 /* PBXContainerItemProxy */;
		};
		84EE4C471BB97FE50098BC01 /* PBXTargetDependency */ = {
			isa = PBXTargetDependency;
			target = 84EE4C221BB97FE50098BC01 /* CCTracker */;
			targetProxy = 84EE4C461BB97FE50098BC01 /* PBXContainerItemProxy */;
		};
/* End PBXTargetDependency section */

/* Begin PBXVariantGroup section */
		84EE4C2A1BB97FE50098BC01 /* Main.storyboard */ = {
			isa = PBXVariantGroup;
			children = (
				84EE4C2B1BB97FE50098BC01 /* Base */,
			);
			name = Main.storyboard;
			sourceTree = "<group>";
		};
		84EE4C321BB97FE50098BC01 /* LaunchScreen.storyboard */ = {
			isa = PBXVariantGroup;
			children = (
				84EE4C331BB97FE50098BC01 /* Base */,
			);
			name = LaunchScreen.storyboard;
			sourceTree = "<group>";
		};
/* End PBXVariantGroup section */

/* Begin XCBuildConfiguration section */
		84EE4C4C1BB97FE50098BC01 /* Debug */ = {
			isa = XCBuildConfiguration;
			buildSettings = {
				ALWAYS_SEARCH_USER_PATHS = NO;
				CLANG_CXX_LANGUAGE_STANDARD = "gnu++0x";
				CLANG_CXX_LIBRARY = "libc++";
				CLANG_ENABLE_MODULES = YES;
				CLANG_ENABLE_OBJC_ARC = YES;
				CLANG_WARN_BOOL_CONVERSION = YES;
				CLANG_WARN_CONSTANT_CONVERSION = YES;
				CLANG_WARN_DIRECT_OBJC_ISA_USAGE = YES_ERROR;
				CLANG_WARN_EMPTY_BODY = YES;
				CLANG_WARN_ENUM_CONVERSION = YES;
				CLANG_WARN_INT_CONVERSION = YES;
				CLANG_WARN_OBJC_ROOT_CLASS = YES_ERROR;
				CLANG_WARN_UNREACHABLE_CODE = YES;
				CLANG_WARN__DUPLICATE_METHOD_MATCH = YES;
				"CODE_SIGN_IDENTITY[sdk=iphoneos*]" = "iPhone Developer";
				COPY_PHASE_STRIP = NO;
				DEBUG_INFORMATION_FORMAT = dwarf;
				ENABLE_STRICT_OBJC_MSGSEND = YES;
				ENABLE_TESTABILITY = YES;
				GCC_C_LANGUAGE_STANDARD = gnu99;
				GCC_DYNAMIC_NO_PIC = NO;
				GCC_NO_COMMON_BLOCKS = YES;
				GCC_OPTIMIZATION_LEVEL = 0;
				GCC_PREPROCESSOR_DEFINITIONS = (
					"DEBUG=1",
					"$(inherited)",
				);
				GCC_WARN_64_TO_32_BIT_CONVERSION = YES;
				GCC_WARN_ABOUT_RETURN_TYPE = YES_ERROR;
				GCC_WARN_UNDECLARED_SELECTOR = YES;
				GCC_WARN_UNINITIALIZED_AUTOS = YES_AGGRESSIVE;
				GCC_WARN_UNUSED_FUNCTION = YES;
				GCC_WARN_UNUSED_VARIABLE = YES;
				IPHONEOS_DEPLOYMENT_TARGET = 8.0;
				MTL_ENABLE_DEBUG_INFO = YES;
				ONLY_ACTIVE_ARCH = YES;
				SDKROOT = iphoneos;
				SWIFT_OPTIMIZATION_LEVEL = "-Onone";
			};
			name = Debug;
		};
		84EE4C4D1BB97FE50098BC01 /* Release */ = {
			isa = XCBuildConfiguration;
			buildSettings = {
				ALWAYS_SEARCH_USER_PATHS = NO;
				CLANG_CXX_LANGUAGE_STANDARD = "gnu++0x";
				CLANG_CXX_LIBRARY = "libc++";
				CLANG_ENABLE_MODULES = YES;
				CLANG_ENABLE_OBJC_ARC = YES;
				CLANG_WARN_BOOL_CONVERSION = YES;
				CLANG_WARN_CONSTANT_CONVERSION = YES;
				CLANG_WARN_DIRECT_OBJC_ISA_USAGE = YES_ERROR;
				CLANG_WARN_EMPTY_BODY = YES;
				CLANG_WARN_ENUM_CONVERSION = YES;
				CLANG_WARN_INT_CONVERSION = YES;
				CLANG_WARN_OBJC_ROOT_CLASS = YES_ERROR;
				CLANG_WARN_UNREACHABLE_CODE = YES;
				CLANG_WARN__DUPLICATE_METHOD_MATCH = YES;
				"CODE_SIGN_IDENTITY[sdk=iphoneos*]" = "iPhone Developer";
				COPY_PHASE_STRIP = NO;
				DEBUG_INFORMATION_FORMAT = "dwarf-with-dsym";
				ENABLE_NS_ASSERTIONS = NO;
				ENABLE_STRICT_OBJC_MSGSEND = YES;
				GCC_C_LANGUAGE_STANDARD = gnu99;
				GCC_NO_COMMON_BLOCKS = YES;
				GCC_WARN_64_TO_32_BIT_CONVERSION = YES;
				GCC_WARN_ABOUT_RETURN_TYPE = YES_ERROR;
				GCC_WARN_UNDECLARED_SELECTOR = YES;
				GCC_WARN_UNINITIALIZED_AUTOS = YES_AGGRESSIVE;
				GCC_WARN_UNUSED_FUNCTION = YES;
				GCC_WARN_UNUSED_VARIABLE = YES;
				IPHONEOS_DEPLOYMENT_TARGET = 8.0;
				MTL_ENABLE_DEBUG_INFO = NO;
				SDKROOT = iphoneos;
				VALIDATE_PRODUCT = YES;
			};
			name = Release;
		};
		84EE4C4F1BB97FE50098BC01 /* Debug */ = {
			isa = XCBuildConfiguration;
			buildSettings = {
				ASSETCATALOG_COMPILER_APPICON_NAME = AppIcon;
				CODE_SIGN_IDENTITY = "iPhone Developer";
				"CODE_SIGN_IDENTITY[sdk=iphoneos*]" = "iPhone Developer";
				INFOPLIST_FILE = CCTracker/Info.plist;
				LD_RUNPATH_SEARCH_PATHS = "$(inherited) @executable_path/Frameworks";
				PRODUCT_BUNDLE_IDENTIFIER = com.arteries.CCTracker;
				PRODUCT_NAME = "$(TARGET_NAME)";
				PROVISIONING_PROFILE = "";
				TARGETED_DEVICE_FAMILY = "1,2";
			};
			name = Debug;
		};
		84EE4C501BB97FE50098BC01 /* Release */ = {
			isa = XCBuildConfiguration;
			buildSettings = {
				ASSETCATALOG_COMPILER_APPICON_NAME = AppIcon;
				CODE_SIGN_IDENTITY = "iPhone Developer";
				"CODE_SIGN_IDENTITY[sdk=iphoneos*]" = "iPhone Developer";
				INFOPLIST_FILE = CCTracker/Info.plist;
				LD_RUNPATH_SEARCH_PATHS = "$(inherited) @executable_path/Frameworks";
				PRODUCT_BUNDLE_IDENTIFIER = com.arteries.CCTracker;
				PRODUCT_NAME = "$(TARGET_NAME)";
				PROVISIONING_PROFILE = "";
				TARGETED_DEVICE_FAMILY = "1,2";
			};
			name = Release;
		};
		84EE4C521BB97FE50098BC01 /* Debug */ = {
			isa = XCBuildConfiguration;
			buildSettings = {
				BUNDLE_LOADER = "$(TEST_HOST)";
				INFOPLIST_FILE = CCTrackerTests/Info.plist;
				LD_RUNPATH_SEARCH_PATHS = "$(inherited) @executable_path/Frameworks @loader_path/Frameworks";
				PRODUCT_BUNDLE_IDENTIFIER = com.arteries.CCTrackerTests;
				PRODUCT_NAME = "$(TARGET_NAME)";
				TEST_HOST = "$(BUILT_PRODUCTS_DIR)/CCTracker.app/CCTracker";
			};
			name = Debug;
		};
		84EE4C531BB97FE50098BC01 /* Release */ = {
			isa = XCBuildConfiguration;
			buildSettings = {
				BUNDLE_LOADER = "$(TEST_HOST)";
				INFOPLIST_FILE = CCTrackerTests/Info.plist;
				LD_RUNPATH_SEARCH_PATHS = "$(inherited) @executable_path/Frameworks @loader_path/Frameworks";
				PRODUCT_BUNDLE_IDENTIFIER = com.arteries.CCTrackerTests;
				PRODUCT_NAME = "$(TARGET_NAME)";
				TEST_HOST = "$(BUILT_PRODUCTS_DIR)/CCTracker.app/CCTracker";
			};
			name = Release;
		};
		84EE4C551BB97FE50098BC01 /* Debug */ = {
			isa = XCBuildConfiguration;
			buildSettings = {
				INFOPLIST_FILE = CCTrackerUITests/Info.plist;
				LD_RUNPATH_SEARCH_PATHS = "$(inherited) @executable_path/Frameworks @loader_path/Frameworks";
				PRODUCT_BUNDLE_IDENTIFIER = com.arteries.CCTrackerUITests;
				PRODUCT_NAME = "$(TARGET_NAME)";
				TEST_TARGET_NAME = CCTracker;
				USES_XCTRUNNER = YES;
			};
			name = Debug;
		};
		84EE4C561BB97FE50098BC01 /* Release */ = {
			isa = XCBuildConfiguration;
			buildSettings = {
				INFOPLIST_FILE = CCTrackerUITests/Info.plist;
				LD_RUNPATH_SEARCH_PATHS = "$(inherited) @executable_path/Frameworks @loader_path/Frameworks";
				PRODUCT_BUNDLE_IDENTIFIER = com.arteries.CCTrackerUITests;
				PRODUCT_NAME = "$(TARGET_NAME)";
				TEST_TARGET_NAME = CCTracker;
				USES_XCTRUNNER = YES;
			};
			name = Release;
		};
/* End XCBuildConfiguration section */

/* Begin XCConfigurationList section */
		84EE4C1E1BB97FE50098BC01 /* Build configuration list for PBXProject "CCTracker" */ = {
			isa = XCConfigurationList;
			buildConfigurations = (
				84EE4C4C1BB97FE50098BC01 /* Debug */,
				84EE4C4D1BB97FE50098BC01 /* Release */,
			);
			defaultConfigurationIsVisible = 0;
			defaultConfigurationName = Release;
		};
		84EE4C4E1BB97FE50098BC01 /* Build configuration list for PBXNativeTarget "CCTracker" */ = {
			isa = XCConfigurationList;
			buildConfigurations = (
				84EE4C4F1BB97FE50098BC01 /* Debug */,
				84EE4C501BB97FE50098BC01 /* Release */,
			);
			defaultConfigurationIsVisible = 0;
			defaultConfigurationName = Release;
		};
		84EE4C511BB97FE50098BC01 /* Build configuration list for PBXNativeTarget "CCTrackerTests" */ = {
			isa = XCConfigurationList;
			buildConfigurations = (
				84EE4C521BB97FE50098BC01 /* Debug */,
				84EE4C531BB97FE50098BC01 /* Release */,
			);
			defaultConfigurationIsVisible = 0;
			defaultConfigurationName = Release;
		};
		84EE4C541BB97FE50098BC01 /* Build configuration list for PBXNativeTarget "CCTrackerUITests" */ = {
			isa = XCConfigurationList;
			buildConfigurations = (
				84EE4C551BB97FE50098BC01 /* Debug */,
				84EE4C561BB97FE50098BC01 /* Release */,
			);
			defaultConfigurationIsVisible = 0;
			defaultConfigurationName = Release;
		};
/* End XCConfigurationList section */

/* Begin XCVersionGroup section */
		84EE4C2D1BB97FE50098BC01 /* CCTracker.xcdatamodeld */ = {
			isa = XCVersionGroup;
			children = (
				84EE4C2E1BB97FE50098BC01 /* CCTracker.xcdatamodel */,
			);
			currentVersion = 84EE4C2E1BB97FE50098BC01 /* CCTracker.xcdatamodel */;
			path = CCTracker.xcdatamodeld;
			sourceTree = "<group>";
			versionGroupType = wrapper.xcdatamodel;
		};
/* End XCVersionGroup section */
	};
	rootObject = 84EE4C1B1BB97FE50098BC01 /* Project object */;
}
